
Microsoft Visual Studio Solution File, Format Version 11.00
# Visual Studio 2010
Project("{8BC9CEB8-8B4A-11D0-8D11-00A0C91BC942}") = "Demo-SlideShow-VC10", "Src\SlideShowDemo\SlideShowDemo.vcxproj", "{A7F7A55B-4673-4695-8CB9-BC7B3D39B2E5}"
EndProject
Project("{8BC9CEB8-8B4A-11D0-8D11-00A0C91BC942}") = "Demo-Movement-VC10", "Src\MovementDemo\MovementDemo.vcxproj", "{63BAA760-5B14-4E74-AE0F-BDCF2BC1A4B2}"
EndProject
Global
	GlobalSection(SolutionConfigurationPlatforms) = preSolution
		Debug|Win32 = Debug|Win32
		DebugVisual|Win32 = DebugVisual|Win32
		Release|Win32 = Release|Win32
		ReleaseVisual|Win32 = ReleaseVisual|Win32
	EndGlobalSection
	GlobalSection(ProjectConfigurationPlatforms) = postSolution
		{A7F7A55B-4673-4695-8CB9-BC7B3D39B2E5}.Debug|Win32.ActiveCfg = Debug|Win32
		{A7F7A55B-4673-4695-8CB9-BC7B3D39B2E5}.Debug|Win32.Build.0 = Debug|Win32
		{A7F7A55B-4673-4695-8CB9-BC7B3D39B2E5}.DebugVisual|Win32.ActiveCfg = DebugVisual|Win32
		{A7F7A55B-4673-4695-8CB9-BC7B3D39B2E5}.DebugVisual|Win32.Build.0 = DebugVisual|Win32
		{A7F7A55B-4673-4695-8CB9-BC7B3D39B2E5}.Release|Win32.ActiveCfg = Release|Win32
		{A7F7A55B-4673-4695-8CB9-BC7B3D39B2E5}.Release|Win32.Build.0 = Release|Win32
		{A7F7A55B-4673-4695-8CB9-BC7B3D39B2E5}.ReleaseVisual|Win32.ActiveCfg = ReleaseVisual|Win32
		{A7F7A55B-4673-4695-8CB9-BC7B3D39B2E5}.ReleaseVisual|Win32.Build.0 = ReleaseVisual|Win32
		{63BAA760-5B14-4E74-AE0F-BDCF2BC1A4B2}.Debug|Win32.ActiveCfg = Debug|Win32
		{63BAA760-5B14-4E74-AE0F-BDCF2BC1A4B2}.Debug|Win32.Build.0 = Debug|Win32
		{63BAA760-5B14-4E74-AE0F-BDCF2BC1A4B2}.DebugVisual|Win32.ActiveCfg = DebugVisual|Win32
		{63BAA760-5B14-4E74-AE0F-BDCF2BC1A4B2}.DebugVisual|Win32.Build.0 = DebugVisual|Win32
		{63BAA760-5B14-4E74-AE0F-BDCF2BC1A4B2}.Release|Win32.ActiveCfg = Release|Win32
		{63BAA760-5B14-4E74-AE0F-BDCF2BC1A4B2}.Release|Win32.Build.0 = Release|Win32
		{63BAA760-5B14-4E74-AE0F-BDCF2BC1A4B2}.ReleaseVisual|Win32.ActiveCfg = ReleaseVisual|Win32
		{63BAA760-5B14-4E74-AE0F-BDCF2BC1A4B2}.ReleaseVisual|Win32.Build.0 = ReleaseVisual|Win32
	EndGlobalSection
	GlobalSection(SolutionProperties) = preSolution
		HideSolutionNode = FALSE
	EndGlobalSection
EndGlobal
