
Microsoft Visual Studio Solution File, Format Version 11.00
# Visual Studio 2010
Project("{8BC9CEB8-8B4A-11D0-8D11-00A0C91BC942}") = "UnitTests", "Src\UnitTests\UnitTests-VC10.vcxproj", "{A6850FE0-C53B-418D-9462-2B821B33E1FF}"
	ProjectSection(ProjectDependencies) = postProject
		{7726434F-1330-45D9-AA09-7949C3CB3E58} = {7726434F-1330-45D9-AA09-7949C3CB3E58}
		{5842F85E-1326-4EDB-918B-9EDFF9F0621E} = {5842F85E-1326-4EDB-918B-9EDFF9F0621E}
	EndProjectSection
EndProject
Project("{8BC9CEB8-8B4A-11D0-8D11-00A0C91BC942}") = "NuiLib", "Src\NuiLib\NuiLib-VC10.vcxproj", "{7726434F-1330-45D9-AA09-7949C3CB3E58}"
EndProject
Project("{8BC9CEB8-8B4A-11D0-8D11-00A0C91BC942}") = "NuiLib-Kinect-MS", "Src\NuiLib-Kinect-MS\NuiLib-Kinect-MS-VC10.vcxproj", "{5842F85E-1326-4EDB-918B-9EDFF9F0621E}"
	ProjectSection(ProjectDependencies) = postProject
		{7726434F-1330-45D9-AA09-7949C3CB3E58} = {7726434F-1330-45D9-AA09-7949C3CB3E58}
	EndProjectSection
EndProject
Project("{8BC9CEB8-8B4A-11D0-8D11-00A0C91BC942}") = "NuiLib-DotNet", "Src\NuiLib-DotNet\NuiLib-DotNet.vcxproj", "{BA73FEEB-E175-4F32-A7B6-D80330C92B00}"
EndProject
Project("{8BC9CEB8-8B4A-11D0-8D11-00A0C91BC942}") = "NuiLib-CLRSafe", "Src\NuiLib-CLRSafe\NuiLib-CLRSafe.vcxproj", "{898DF088-A290-4E2A-86DA-0D49320BFE17}"
EndProject
Project("{8BC9CEB8-8B4A-11D0-8D11-00A0C91BC942}") = "Demo-Advanced", "Src\Demo-Advanced\Demo-Advanced.vcxproj", "{5D833834-E79D-48F7-8F29-66BB9E6F5151}"
EndProject
Project("{8BC9CEB8-8B4A-11D0-8D11-00A0C91BC942}") = "Demo-Basic", "Src\Demo-Basic\Demo-Basic.vcxproj", "{3522ED20-A2C8-484E-9339-8F4D5E831700}"
EndProject
Project("{FAE04EC0-301F-11D3-BF4B-00C04F79EFBC}") = "Demo-CSharp", "Src\Demo-CSharp\Demo-CSharp.csproj", "{5AB38043-BAB6-40A4-BFE0-808D40A5A2E5}"
EndProject
Project("{8BC9CEB8-8B4A-11D0-8D11-00A0C91BC942}") = "Demo-Manipulation", "Src\Demo-Manipulation\ManipulationDemo.vcxproj", "{07E447D5-72B8-4EE0-B547-F97BFE6697ED}"
EndProject
Project("{8BC9CEB8-8B4A-11D0-8D11-00A0C91BC942}") = "Demo-SlideShow", "Src\Demo-SlideShow\SlideShowDemo.vcxproj", "{A7F7A55B-4673-4695-8CB9-BC7B3D39B2E5}"
EndProject
Project("{8BC9CEB8-8B4A-11D0-8D11-00A0C91BC942}") = "Demo-Movement", "Src\Demo-Movement\MovementDemo.vcxproj", "{63BAA760-5B14-4E74-AE0F-BDCF2BC1A4B2}"
EndProject
Project("{FAE04EC0-301F-11D3-BF4B-00C04F79EFBC}") = "CSharpTest", "Src\CSharpTest\CSharpTest.csproj", "{12291E3F-275B-40AC-B6E7-C0ED12BA80A5}"
EndProject
Project("{8BC9CEB8-8B4A-11D0-8D11-00A0C91BC942}") = "CTest", "Src\CTest\CTest.vcxproj", "{28C247AC-AF6F-4AD3-B669-8F06CEE66CA8}"
EndProject
Global
	GlobalSection(SolutionConfigurationPlatforms) = preSolution
		Debug|Any CPU = Debug|Any CPU
		Debug|Mixed Platforms = Debug|Mixed Platforms
		Debug|Win32 = Debug|Win32
		Debug|x64 = Debug|x64
		Debug|x86 = Debug|x86
		DebugVisual|Any CPU = DebugVisual|Any CPU
		DebugVisual|Mixed Platforms = DebugVisual|Mixed Platforms
		DebugVisual|Win32 = DebugVisual|Win32
		DebugVisual|x64 = DebugVisual|x64
		DebugVisual|x86 = DebugVisual|x86
		Release|Any CPU = Release|Any CPU
		Release|Mixed Platforms = Release|Mixed Platforms
		Release|Win32 = Release|Win32
		Release|x64 = Release|x64
		Release|x86 = Release|x86
		ReleaseVisual|Any CPU = ReleaseVisual|Any CPU
		ReleaseVisual|Mixed Platforms = ReleaseVisual|Mixed Platforms
		ReleaseVisual|Win32 = ReleaseVisual|Win32
		ReleaseVisual|x64 = ReleaseVisual|x64
		ReleaseVisual|x86 = ReleaseVisual|x86
	EndGlobalSection
	GlobalSection(ProjectConfigurationPlatforms) = postSolution
		{A6850FE0-C53B-418D-9462-2B821B33E1FF}.Debug|Any CPU.ActiveCfg = Debug|Win32
		{A6850FE0-C53B-418D-9462-2B821B33E1FF}.Debug|Mixed Platforms.ActiveCfg = Debug|Win32
		{A6850FE0-C53B-418D-9462-2B821B33E1FF}.Debug|Win32.ActiveCfg = Debug|Win32
		{A6850FE0-C53B-418D-9462-2B821B33E1FF}.Debug|x64.ActiveCfg = Debug|Win32
		{A6850FE0-C53B-418D-9462-2B821B33E1FF}.Debug|x86.ActiveCfg = Debug|Win32
		{A6850FE0-C53B-418D-9462-2B821B33E1FF}.DebugVisual|Any CPU.ActiveCfg = DebugVisual|Win32
		{A6850FE0-C53B-418D-9462-2B821B33E1FF}.DebugVisual|Mixed Platforms.ActiveCfg = DebugVisual|Win32
		{A6850FE0-C53B-418D-9462-2B821B33E1FF}.DebugVisual|Win32.ActiveCfg = DebugVisual|Win32
		{A6850FE0-C53B-418D-9462-2B821B33E1FF}.DebugVisual|x64.ActiveCfg = DebugVisual|Win32
		{A6850FE0-C53B-418D-9462-2B821B33E1FF}.DebugVisual|x86.ActiveCfg = DebugVisual|Win32
		{A6850FE0-C53B-418D-9462-2B821B33E1FF}.Release|Any CPU.ActiveCfg = Release|Win32
		{A6850FE0-C53B-418D-9462-2B821B33E1FF}.Release|Mixed Platforms.ActiveCfg = Release|Win32
		{A6850FE0-C53B-418D-9462-2B821B33E1FF}.Release|Win32.ActiveCfg = Release|Win32
		{A6850FE0-C53B-418D-9462-2B821B33E1FF}.Release|x64.ActiveCfg = Release|Win32
		{A6850FE0-C53B-418D-9462-2B821B33E1FF}.Release|x86.ActiveCfg = Release|Win32
		{A6850FE0-C53B-418D-9462-2B821B33E1FF}.ReleaseVisual|Any CPU.ActiveCfg = ReleaseVisual|Win32
		{A6850FE0-C53B-418D-9462-2B821B33E1FF}.ReleaseVisual|Mixed Platforms.ActiveCfg = ReleaseVisual|Win32
		{A6850FE0-C53B-418D-9462-2B821B33E1FF}.ReleaseVisual|Win32.ActiveCfg = ReleaseVisual|Win32
		{A6850FE0-C53B-418D-9462-2B821B33E1FF}.ReleaseVisual|x64.ActiveCfg = ReleaseVisual|Win32
		{A6850FE0-C53B-418D-9462-2B821B33E1FF}.ReleaseVisual|x86.ActiveCfg = ReleaseVisual|Win32
		{7726434F-1330-45D9-AA09-7949C3CB3E58}.Debug|Any CPU.ActiveCfg = Debug|x64
		{7726434F-1330-45D9-AA09-7949C3CB3E58}.Debug|Mixed Platforms.ActiveCfg = Debug|Win32
		{7726434F-1330-45D9-AA09-7949C3CB3E58}.Debug|Mixed Platforms.Build.0 = Debug|Win32
		{7726434F-1330-45D9-AA09-7949C3CB3E58}.Debug|Win32.ActiveCfg = Debug|Win32
		{7726434F-1330-45D9-AA09-7949C3CB3E58}.Debug|Win32.Build.0 = Debug|Win32
		{7726434F-1330-45D9-AA09-7949C3CB3E58}.Debug|x64.ActiveCfg = Debug|x64
		{7726434F-1330-45D9-AA09-7949C3CB3E58}.Debug|x64.Build.0 = Debug|x64
		{7726434F-1330-45D9-AA09-7949C3CB3E58}.Debug|x86.ActiveCfg = Debug|x64
		{7726434F-1330-45D9-AA09-7949C3CB3E58}.DebugVisual|Any CPU.ActiveCfg = DebugVisual|x64
		{7726434F-1330-45D9-AA09-7949C3CB3E58}.DebugVisual|Mixed Platforms.ActiveCfg = DebugVisual|Win32
		{7726434F-1330-45D9-AA09-7949C3CB3E58}.DebugVisual|Mixed Platforms.Build.0 = DebugVisual|Win32
		{7726434F-1330-45D9-AA09-7949C3CB3E58}.DebugVisual|Win32.ActiveCfg = DebugVisual|Win32
		{7726434F-1330-45D9-AA09-7949C3CB3E58}.DebugVisual|Win32.Build.0 = DebugVisual|Win32
		{7726434F-1330-45D9-AA09-7949C3CB3E58}.DebugVisual|x64.ActiveCfg = DebugVisual|x64
		{7726434F-1330-45D9-AA09-7949C3CB3E58}.DebugVisual|x64.Build.0 = DebugVisual|x64
		{7726434F-1330-45D9-AA09-7949C3CB3E58}.DebugVisual|x86.ActiveCfg = DebugVisual|x64
		{7726434F-1330-45D9-AA09-7949C3CB3E58}.Release|Any CPU.ActiveCfg = Release|x64
		{7726434F-1330-45D9-AA09-7949C3CB3E58}.Release|Mixed Platforms.ActiveCfg = Release|x64
		{7726434F-1330-45D9-AA09-7949C3CB3E58}.Release|Mixed Platforms.Build.0 = Release|x64
		{7726434F-1330-45D9-AA09-7949C3CB3E58}.Release|Win32.ActiveCfg = Release|Win32
		{7726434F-1330-45D9-AA09-7949C3CB3E58}.Release|Win32.Build.0 = Release|Win32
		{7726434F-1330-45D9-AA09-7949C3CB3E58}.Release|x64.ActiveCfg = Release|x64
		{7726434F-1330-45D9-AA09-7949C3CB3E58}.Release|x64.Build.0 = Release|x64
		{7726434F-1330-45D9-AA09-7949C3CB3E58}.Release|x86.ActiveCfg = Release|x64
		{7726434F-1330-45D9-AA09-7949C3CB3E58}.ReleaseVisual|Any CPU.ActiveCfg = ReleaseVisual|x64
		{7726434F-1330-45D9-AA09-7949C3CB3E58}.ReleaseVisual|Mixed Platforms.ActiveCfg = ReleaseVisual|x64
		{7726434F-1330-45D9-AA09-7949C3CB3E58}.ReleaseVisual|Mixed Platforms.Build.0 = ReleaseVisual|x64
		{7726434F-1330-45D9-AA09-7949C3CB3E58}.ReleaseVisual|Win32.ActiveCfg = ReleaseVisual|Win32
		{7726434F-1330-45D9-AA09-7949C3CB3E58}.ReleaseVisual|Win32.Build.0 = ReleaseVisual|Win32
		{7726434F-1330-45D9-AA09-7949C3CB3E58}.ReleaseVisual|x64.ActiveCfg = ReleaseVisual|x64
		{7726434F-1330-45D9-AA09-7949C3CB3E58}.ReleaseVisual|x64.Build.0 = ReleaseVisual|x64
		{7726434F-1330-45D9-AA09-7949C3CB3E58}.ReleaseVisual|x86.ActiveCfg = ReleaseVisual|x64
		{5842F85E-1326-4EDB-918B-9EDFF9F0621E}.Debug|Any CPU.ActiveCfg = Debug|Win32
		{5842F85E-1326-4EDB-918B-9EDFF9F0621E}.Debug|Mixed Platforms.ActiveCfg = Debug|Win32
		{5842F85E-1326-4EDB-918B-9EDFF9F0621E}.Debug|Mixed Platforms.Build.0 = Debug|Win32
		{5842F85E-1326-4EDB-918B-9EDFF9F0621E}.Debug|Win32.ActiveCfg = Debug|Win32
		{5842F85E-1326-4EDB-918B-9EDFF9F0621E}.Debug|Win32.Build.0 = Debug|Win32
		{5842F85E-1326-4EDB-918B-9EDFF9F0621E}.Debug|x64.ActiveCfg = Debug|Win32
		{5842F85E-1326-4EDB-918B-9EDFF9F0621E}.Debug|x86.ActiveCfg = Debug|Win32
		{5842F85E-1326-4EDB-918B-9EDFF9F0621E}.DebugVisual|Any CPU.ActiveCfg = DebugVisual|Win32
		{5842F85E-1326-4EDB-918B-9EDFF9F0621E}.DebugVisual|Mixed Platforms.ActiveCfg = DebugVisual|Win32
		{5842F85E-1326-4EDB-918B-9EDFF9F0621E}.DebugVisual|Win32.ActiveCfg = DebugVisual|Win32
		{5842F85E-1326-4EDB-918B-9EDFF9F0621E}.DebugVisual|Win32.Build.0 = DebugVisual|Win32
		{5842F85E-1326-4EDB-918B-9EDFF9F0621E}.DebugVisual|x64.ActiveCfg = DebugVisual|Win32
		{5842F85E-1326-4EDB-918B-9EDFF9F0621E}.DebugVisual|x86.ActiveCfg = DebugVisual|Win32
		{5842F85E-1326-4EDB-918B-9EDFF9F0621E}.Release|Any CPU.ActiveCfg = Release|Win32
		{5842F85E-1326-4EDB-918B-9EDFF9F0621E}.Release|Mixed Platforms.ActiveCfg = Release|Win32
		{5842F85E-1326-4EDB-918B-9EDFF9F0621E}.Release|Win32.ActiveCfg = Release|Win32
		{5842F85E-1326-4EDB-918B-9EDFF9F0621E}.Release|Win32.Build.0 = Release|Win32
		{5842F85E-1326-4EDB-918B-9EDFF9F0621E}.Release|x64.ActiveCfg = Release|Win32
		{5842F85E-1326-4EDB-918B-9EDFF9F0621E}.Release|x86.ActiveCfg = Release|Win32
		{5842F85E-1326-4EDB-918B-9EDFF9F0621E}.ReleaseVisual|Any CPU.ActiveCfg = ReleaseVisual|Win32
		{5842F85E-1326-4EDB-918B-9EDFF9F0621E}.ReleaseVisual|Mixed Platforms.ActiveCfg = ReleaseVisual|Win32
		{5842F85E-1326-4EDB-918B-9EDFF9F0621E}.ReleaseVisual|Win32.ActiveCfg = ReleaseVisual|Win32
		{5842F85E-1326-4EDB-918B-9EDFF9F0621E}.ReleaseVisual|Win32.Build.0 = ReleaseVisual|Win32
		{5842F85E-1326-4EDB-918B-9EDFF9F0621E}.ReleaseVisual|x64.ActiveCfg = ReleaseVisual|Win32
		{5842F85E-1326-4EDB-918B-9EDFF9F0621E}.ReleaseVisual|x86.ActiveCfg = ReleaseVisual|Win32
		{BA73FEEB-E175-4F32-A7B6-D80330C92B00}.Debug|Any CPU.ActiveCfg = Debug|Win32
		{BA73FEEB-E175-4F32-A7B6-D80330C92B00}.Debug|Mixed Platforms.ActiveCfg = Debug|Win32
		{BA73FEEB-E175-4F32-A7B6-D80330C92B00}.Debug|Mixed Platforms.Build.0 = Debug|Win32
		{BA73FEEB-E175-4F32-A7B6-D80330C92B00}.Debug|Win32.ActiveCfg = Debug|Win32
		{BA73FEEB-E175-4F32-A7B6-D80330C92B00}.Debug|Win32.Build.0 = Debug|Win32
		{BA73FEEB-E175-4F32-A7B6-D80330C92B00}.Debug|x64.ActiveCfg = Debug|Win32
		{BA73FEEB-E175-4F32-A7B6-D80330C92B00}.Debug|x86.ActiveCfg = Debug|Win32
		{BA73FEEB-E175-4F32-A7B6-D80330C92B00}.DebugVisual|Any CPU.ActiveCfg = DebugVisual|Win32
		{BA73FEEB-E175-4F32-A7B6-D80330C92B00}.DebugVisual|Mixed Platforms.ActiveCfg = DebugVisual|Win32
		{BA73FEEB-E175-4F32-A7B6-D80330C92B00}.DebugVisual|Mixed Platforms.Build.0 = DebugVisual|Win32
		{BA73FEEB-E175-4F32-A7B6-D80330C92B00}.DebugVisual|Win32.ActiveCfg = DebugVisual|Win32
		{BA73FEEB-E175-4F32-A7B6-D80330C92B00}.DebugVisual|Win32.Build.0 = DebugVisual|Win32
		{BA73FEEB-E175-4F32-A7B6-D80330C92B00}.DebugVisual|x64.ActiveCfg = DebugVisual|Win32
		{BA73FEEB-E175-4F32-A7B6-D80330C92B00}.DebugVisual|x86.ActiveCfg = DebugVisual|Win32
		{BA73FEEB-E175-4F32-A7B6-D80330C92B00}.Release|Any CPU.ActiveCfg = Release|Win32
		{BA73FEEB-E175-4F32-A7B6-D80330C92B00}.Release|Mixed Platforms.ActiveCfg = Release|Win32
		{BA73FEEB-E175-4F32-A7B6-D80330C92B00}.Release|Mixed Platforms.Build.0 = Release|Win32
		{BA73FEEB-E175-4F32-A7B6-D80330C92B00}.Release|Win32.ActiveCfg = Release|Win32
		{BA73FEEB-E175-4F32-A7B6-D80330C92B00}.Release|Win32.Build.0 = Release|Win32
		{BA73FEEB-E175-4F32-A7B6-D80330C92B00}.Release|x64.ActiveCfg = Release|Win32
		{BA73FEEB-E175-4F32-A7B6-D80330C92B00}.Release|x86.ActiveCfg = Release|Win32
		{BA73FEEB-E175-4F32-A7B6-D80330C92B00}.ReleaseVisual|Any CPU.ActiveCfg = Release|Win32
		{BA73FEEB-E175-4F32-A7B6-D80330C92B00}.ReleaseVisual|Mixed Platforms.ActiveCfg = Release|Win32
		{BA73FEEB-E175-4F32-A7B6-D80330C92B00}.ReleaseVisual|Mixed Platforms.Build.0 = Release|Win32
		{BA73FEEB-E175-4F32-A7B6-D80330C92B00}.ReleaseVisual|Win32.ActiveCfg = ReleaseVisual|Win32
		{BA73FEEB-E175-4F32-A7B6-D80330C92B00}.ReleaseVisual|Win32.Build.0 = ReleaseVisual|Win32
		{BA73FEEB-E175-4F32-A7B6-D80330C92B00}.ReleaseVisual|x64.ActiveCfg = Release|Win32
		{BA73FEEB-E175-4F32-A7B6-D80330C92B00}.ReleaseVisual|x86.ActiveCfg = Release|Win32
		{898DF088-A290-4E2A-86DA-0D49320BFE17}.Debug|Any CPU.ActiveCfg = Debug|Win32
		{898DF088-A290-4E2A-86DA-0D49320BFE17}.Debug|Mixed Platforms.ActiveCfg = Debug|Win32
		{898DF088-A290-4E2A-86DA-0D49320BFE17}.Debug|Mixed Platforms.Build.0 = Debug|Win32
		{898DF088-A290-4E2A-86DA-0D49320BFE17}.Debug|Win32.ActiveCfg = Debug|Win32
		{898DF088-A290-4E2A-86DA-0D49320BFE17}.Debug|Win32.Build.0 = Debug|Win32
		{898DF088-A290-4E2A-86DA-0D49320BFE17}.Debug|x64.ActiveCfg = Debug|Win32
		{898DF088-A290-4E2A-86DA-0D49320BFE17}.Debug|x86.ActiveCfg = Debug|Win32
		{898DF088-A290-4E2A-86DA-0D49320BFE17}.DebugVisual|Any CPU.ActiveCfg = DebugVisual|Win32
		{898DF088-A290-4E2A-86DA-0D49320BFE17}.DebugVisual|Mixed Platforms.ActiveCfg = DebugVisual|Win32
		{898DF088-A290-4E2A-86DA-0D49320BFE17}.DebugVisual|Mixed Platforms.Build.0 = DebugVisual|Win32
		{898DF088-A290-4E2A-86DA-0D49320BFE17}.DebugVisual|Win32.ActiveCfg = DebugVisual|Win32
		{898DF088-A290-4E2A-86DA-0D49320BFE17}.DebugVisual|Win32.Build.0 = DebugVisual|Win32
		{898DF088-A290-4E2A-86DA-0D49320BFE17}.DebugVisual|x64.ActiveCfg = DebugVisual|Win32
		{898DF088-A290-4E2A-86DA-0D49320BFE17}.DebugVisual|x86.ActiveCfg = DebugVisual|Win32
		{898DF088-A290-4E2A-86DA-0D49320BFE17}.Release|Any CPU.ActiveCfg = Release|Win32
		{898DF088-A290-4E2A-86DA-0D49320BFE17}.Release|Mixed Platforms.ActiveCfg = Release|Win32
		{898DF088-A290-4E2A-86DA-0D49320BFE17}.Release|Mixed Platforms.Build.0 = Release|Win32
		{898DF088-A290-4E2A-86DA-0D49320BFE17}.Release|Win32.ActiveCfg = Release|Win32
		{898DF088-A290-4E2A-86DA-0D49320BFE17}.Release|Win32.Build.0 = Release|Win32
		{898DF088-A290-4E2A-86DA-0D49320BFE17}.Release|x64.ActiveCfg = Release|Win32
		{898DF088-A290-4E2A-86DA-0D49320BFE17}.Release|x86.ActiveCfg = Release|Win32
		{898DF088-A290-4E2A-86DA-0D49320BFE17}.ReleaseVisual|Any CPU.ActiveCfg = Release|Win32
		{898DF088-A290-4E2A-86DA-0D49320BFE17}.ReleaseVisual|Mixed Platforms.ActiveCfg = Release|Win32
		{898DF088-A290-4E2A-86DA-0D49320BFE17}.ReleaseVisual|Mixed Platforms.Build.0 = Release|Win32
		{898DF088-A290-4E2A-86DA-0D49320BFE17}.ReleaseVisual|Win32.ActiveCfg = ReleaseVisual|Win32
		{898DF088-A290-4E2A-86DA-0D49320BFE17}.ReleaseVisual|Win32.Build.0 = ReleaseVisual|Win32
		{898DF088-A290-4E2A-86DA-0D49320BFE17}.ReleaseVisual|x64.ActiveCfg = Release|Win32
		{898DF088-A290-4E2A-86DA-0D49320BFE17}.ReleaseVisual|x86.ActiveCfg = Release|Win32
		{5D833834-E79D-48F7-8F29-66BB9E6F5151}.Debug|Any CPU.ActiveCfg = Debug|x64
		{5D833834-E79D-48F7-8F29-66BB9E6F5151}.Debug|Mixed Platforms.ActiveCfg = Debug|Win32
		{5D833834-E79D-48F7-8F29-66BB9E6F5151}.Debug|Mixed Platforms.Build.0 = Debug|Win32
		{5D833834-E79D-48F7-8F29-66BB9E6F5151}.Debug|Win32.ActiveCfg = Debug|Win32
		{5D833834-E79D-48F7-8F29-66BB9E6F5151}.Debug|Win32.Build.0 = Debug|Win32
		{5D833834-E79D-48F7-8F29-66BB9E6F5151}.Debug|x64.ActiveCfg = Debug|x64
		{5D833834-E79D-48F7-8F29-66BB9E6F5151}.Debug|x64.Build.0 = Debug|x64
		{5D833834-E79D-48F7-8F29-66BB9E6F5151}.Debug|x86.ActiveCfg = Debug|x64
		{5D833834-E79D-48F7-8F29-66BB9E6F5151}.DebugVisual|Any CPU.ActiveCfg = DebugVisual|x64
		{5D833834-E79D-48F7-8F29-66BB9E6F5151}.DebugVisual|Mixed Platforms.ActiveCfg = DebugVisual|Win32
		{5D833834-E79D-48F7-8F29-66BB9E6F5151}.DebugVisual|Mixed Platforms.Build.0 = DebugVisual|Win32
		{5D833834-E79D-48F7-8F29-66BB9E6F5151}.DebugVisual|Win32.ActiveCfg = DebugVisual|Win32
		{5D833834-E79D-48F7-8F29-66BB9E6F5151}.DebugVisual|Win32.Build.0 = DebugVisual|Win32
		{5D833834-E79D-48F7-8F29-66BB9E6F5151}.DebugVisual|x64.ActiveCfg = DebugVisual|x64
		{5D833834-E79D-48F7-8F29-66BB9E6F5151}.DebugVisual|x64.Build.0 = DebugVisual|x64
		{5D833834-E79D-48F7-8F29-66BB9E6F5151}.DebugVisual|x86.ActiveCfg = DebugVisual|x64
		{5D833834-E79D-48F7-8F29-66BB9E6F5151}.Release|Any CPU.ActiveCfg = Release|x64
		{5D833834-E79D-48F7-8F29-66BB9E6F5151}.Release|Mixed Platforms.ActiveCfg = Release|x64
		{5D833834-E79D-48F7-8F29-66BB9E6F5151}.Release|Mixed Platforms.Build.0 = Release|x64
		{5D833834-E79D-48F7-8F29-66BB9E6F5151}.Release|Win32.ActiveCfg = Release|Win32
		{5D833834-E79D-48F7-8F29-66BB9E6F5151}.Release|Win32.Build.0 = Release|Win32
		{5D833834-E79D-48F7-8F29-66BB9E6F5151}.Release|x64.ActiveCfg = Release|x64
		{5D833834-E79D-48F7-8F29-66BB9E6F5151}.Release|x64.Build.0 = Release|x64
		{5D833834-E79D-48F7-8F29-66BB9E6F5151}.Release|x86.ActiveCfg = Release|x64
		{5D833834-E79D-48F7-8F29-66BB9E6F5151}.ReleaseVisual|Any CPU.ActiveCfg = ReleaseVisual|x64
		{5D833834-E79D-48F7-8F29-66BB9E6F5151}.ReleaseVisual|Mixed Platforms.ActiveCfg = ReleaseVisual|x64
		{5D833834-E79D-48F7-8F29-66BB9E6F5151}.ReleaseVisual|Mixed Platforms.Build.0 = ReleaseVisual|x64
		{5D833834-E79D-48F7-8F29-66BB9E6F5151}.ReleaseVisual|Win32.ActiveCfg = ReleaseVisual|Win32
		{5D833834-E79D-48F7-8F29-66BB9E6F5151}.ReleaseVisual|Win32.Build.0 = ReleaseVisual|Win32
		{5D833834-E79D-48F7-8F29-66BB9E6F5151}.ReleaseVisual|x64.ActiveCfg = ReleaseVisual|x64
		{5D833834-E79D-48F7-8F29-66BB9E6F5151}.ReleaseVisual|x64.Build.0 = ReleaseVisual|x64
		{5D833834-E79D-48F7-8F29-66BB9E6F5151}.ReleaseVisual|x86.ActiveCfg = ReleaseVisual|x64
		{3522ED20-A2C8-484E-9339-8F4D5E831700}.Debug|Any CPU.ActiveCfg = Debug|x64
		{3522ED20-A2C8-484E-9339-8F4D5E831700}.Debug|Mixed Platforms.ActiveCfg = Debug|Win32
		{3522ED20-A2C8-484E-9339-8F4D5E831700}.Debug|Mixed Platforms.Build.0 = Debug|Win32
		{3522ED20-A2C8-484E-9339-8F4D5E831700}.Debug|Win32.ActiveCfg = Debug|Win32
		{3522ED20-A2C8-484E-9339-8F4D5E831700}.Debug|Win32.Build.0 = Debug|Win32
		{3522ED20-A2C8-484E-9339-8F4D5E831700}.Debug|x64.ActiveCfg = Debug|x64
		{3522ED20-A2C8-484E-9339-8F4D5E831700}.Debug|x64.Build.0 = Debug|x64
		{3522ED20-A2C8-484E-9339-8F4D5E831700}.Debug|x86.ActiveCfg = Debug|x64
		{3522ED20-A2C8-484E-9339-8F4D5E831700}.DebugVisual|Any CPU.ActiveCfg = DebugVisual|x64
		{3522ED20-A2C8-484E-9339-8F4D5E831700}.DebugVisual|Mixed Platforms.ActiveCfg = DebugVisual|Win32
		{3522ED20-A2C8-484E-9339-8F4D5E831700}.DebugVisual|Mixed Platforms.Build.0 = DebugVisual|Win32
		{3522ED20-A2C8-484E-9339-8F4D5E831700}.DebugVisual|Win32.ActiveCfg = DebugVisual|Win32
		{3522ED20-A2C8-484E-9339-8F4D5E831700}.DebugVisual|Win32.Build.0 = DebugVisual|Win32
		{3522ED20-A2C8-484E-9339-8F4D5E831700}.DebugVisual|x64.ActiveCfg = DebugVisual|x64
		{3522ED20-A2C8-484E-9339-8F4D5E831700}.DebugVisual|x64.Build.0 = DebugVisual|x64
		{3522ED20-A2C8-484E-9339-8F4D5E831700}.DebugVisual|x86.ActiveCfg = DebugVisual|x64
		{3522ED20-A2C8-484E-9339-8F4D5E831700}.Release|Any CPU.ActiveCfg = Release|x64
		{3522ED20-A2C8-484E-9339-8F4D5E831700}.Release|Mixed Platforms.ActiveCfg = Release|x64
		{3522ED20-A2C8-484E-9339-8F4D5E831700}.Release|Mixed Platforms.Build.0 = Release|x64
		{3522ED20-A2C8-484E-9339-8F4D5E831700}.Release|Win32.ActiveCfg = Release|Win32
		{3522ED20-A2C8-484E-9339-8F4D5E831700}.Release|Win32.Build.0 = Release|Win32
		{3522ED20-A2C8-484E-9339-8F4D5E831700}.Release|x64.ActiveCfg = Release|x64
		{3522ED20-A2C8-484E-9339-8F4D5E831700}.Release|x64.Build.0 = Release|x64
		{3522ED20-A2C8-484E-9339-8F4D5E831700}.Release|x86.ActiveCfg = Release|x64
		{3522ED20-A2C8-484E-9339-8F4D5E831700}.ReleaseVisual|Any CPU.ActiveCfg = ReleaseVisual|x64
		{3522ED20-A2C8-484E-9339-8F4D5E831700}.ReleaseVisual|Mixed Platforms.ActiveCfg = ReleaseVisual|x64
		{3522ED20-A2C8-484E-9339-8F4D5E831700}.ReleaseVisual|Mixed Platforms.Build.0 = ReleaseVisual|x64
		{3522ED20-A2C8-484E-9339-8F4D5E831700}.ReleaseVisual|Win32.ActiveCfg = ReleaseVisual|Win32
		{3522ED20-A2C8-484E-9339-8F4D5E831700}.ReleaseVisual|Win32.Build.0 = ReleaseVisual|Win32
		{3522ED20-A2C8-484E-9339-8F4D5E831700}.ReleaseVisual|x64.ActiveCfg = ReleaseVisual|x64
		{3522ED20-A2C8-484E-9339-8F4D5E831700}.ReleaseVisual|x64.Build.0 = ReleaseVisual|x64
		{3522ED20-A2C8-484E-9339-8F4D5E831700}.ReleaseVisual|x86.ActiveCfg = ReleaseVisual|x64
		{5AB38043-BAB6-40A4-BFE0-808D40A5A2E5}.Debug|Any CPU.ActiveCfg = Debug|x86
		{5AB38043-BAB6-40A4-BFE0-808D40A5A2E5}.Debug|Mixed Platforms.ActiveCfg = Debug|x86
		{5AB38043-BAB6-40A4-BFE0-808D40A5A2E5}.Debug|Mixed Platforms.Build.0 = Debug|x86
		{5AB38043-BAB6-40A4-BFE0-808D40A5A2E5}.Debug|Win32.ActiveCfg = Debug|x86
		{5AB38043-BAB6-40A4-BFE0-808D40A5A2E5}.Debug|x64.ActiveCfg = Debug|x86
		{5AB38043-BAB6-40A4-BFE0-808D40A5A2E5}.Debug|x86.ActiveCfg = Debug|x86
		{5AB38043-BAB6-40A4-BFE0-808D40A5A2E5}.Debug|x86.Build.0 = Debug|x86
		{5AB38043-BAB6-40A4-BFE0-808D40A5A2E5}.DebugVisual|Any CPU.ActiveCfg = DebugVisual|x86
		{5AB38043-BAB6-40A4-BFE0-808D40A5A2E5}.DebugVisual|Mixed Platforms.ActiveCfg = DebugVisual|x86
		{5AB38043-BAB6-40A4-BFE0-808D40A5A2E5}.DebugVisual|Mixed Platforms.Build.0 = DebugVisual|x86
		{5AB38043-BAB6-40A4-BFE0-808D40A5A2E5}.DebugVisual|Win32.ActiveCfg = DebugVisual|x86
		{5AB38043-BAB6-40A4-BFE0-808D40A5A2E5}.DebugVisual|x64.ActiveCfg = DebugVisual|x86
		{5AB38043-BAB6-40A4-BFE0-808D40A5A2E5}.DebugVisual|x86.ActiveCfg = DebugVisual|x86
		{5AB38043-BAB6-40A4-BFE0-808D40A5A2E5}.DebugVisual|x86.Build.0 = DebugVisual|x86
		{5AB38043-BAB6-40A4-BFE0-808D40A5A2E5}.Release|Any CPU.ActiveCfg = Release|x86
		{5AB38043-BAB6-40A4-BFE0-808D40A5A2E5}.Release|Mixed Platforms.ActiveCfg = Release|x86
		{5AB38043-BAB6-40A4-BFE0-808D40A5A2E5}.Release|Mixed Platforms.Build.0 = Release|x86
		{5AB38043-BAB6-40A4-BFE0-808D40A5A2E5}.Release|Win32.ActiveCfg = Release|x86
		{5AB38043-BAB6-40A4-BFE0-808D40A5A2E5}.Release|x64.ActiveCfg = Release|x86
		{5AB38043-BAB6-40A4-BFE0-808D40A5A2E5}.Release|x86.ActiveCfg = Release|x86
		{5AB38043-BAB6-40A4-BFE0-808D40A5A2E5}.Release|x86.Build.0 = Release|x86
		{5AB38043-BAB6-40A4-BFE0-808D40A5A2E5}.ReleaseVisual|Any CPU.ActiveCfg = Release|x86
		{5AB38043-BAB6-40A4-BFE0-808D40A5A2E5}.ReleaseVisual|Mixed Platforms.ActiveCfg = Release|x86
		{5AB38043-BAB6-40A4-BFE0-808D40A5A2E5}.ReleaseVisual|Mixed Platforms.Build.0 = Release|x86
		{5AB38043-BAB6-40A4-BFE0-808D40A5A2E5}.ReleaseVisual|Win32.ActiveCfg = Release|x86
		{5AB38043-BAB6-40A4-BFE0-808D40A5A2E5}.ReleaseVisual|x64.ActiveCfg = Release|x86
		{5AB38043-BAB6-40A4-BFE0-808D40A5A2E5}.ReleaseVisual|x86.ActiveCfg = Release|x86
		{5AB38043-BAB6-40A4-BFE0-808D40A5A2E5}.ReleaseVisual|x86.Build.0 = Release|x86
		{07E447D5-72B8-4EE0-B547-F97BFE6697ED}.Debug|Any CPU.ActiveCfg = Debug|x64
		{07E447D5-72B8-4EE0-B547-F97BFE6697ED}.Debug|Mixed Platforms.ActiveCfg = Debug|Win32
		{07E447D5-72B8-4EE0-B547-F97BFE6697ED}.Debug|Mixed Platforms.Build.0 = Debug|Win32
		{07E447D5-72B8-4EE0-B547-F97BFE6697ED}.Debug|Win32.ActiveCfg = Debug|Win32
		{07E447D5-72B8-4EE0-B547-F97BFE6697ED}.Debug|Win32.Build.0 = Debug|Win32
		{07E447D5-72B8-4EE0-B547-F97BFE6697ED}.Debug|x64.ActiveCfg = Debug|x64
		{07E447D5-72B8-4EE0-B547-F97BFE6697ED}.Debug|x64.Build.0 = Debug|x64
		{07E447D5-72B8-4EE0-B547-F97BFE6697ED}.Debug|x86.ActiveCfg = Debug|x64
		{07E447D5-72B8-4EE0-B547-F97BFE6697ED}.DebugVisual|Any CPU.ActiveCfg = DebugVisual|x64
		{07E447D5-72B8-4EE0-B547-F97BFE6697ED}.DebugVisual|Mixed Platforms.ActiveCfg = DebugVisual|Win32
		{07E447D5-72B8-4EE0-B547-F97BFE6697ED}.DebugVisual|Mixed Platforms.Build.0 = DebugVisual|Win32
		{07E447D5-72B8-4EE0-B547-F97BFE6697ED}.DebugVisual|Win32.ActiveCfg = DebugVisual|Win32
		{07E447D5-72B8-4EE0-B547-F97BFE6697ED}.DebugVisual|Win32.Build.0 = DebugVisual|Win32
		{07E447D5-72B8-4EE0-B547-F97BFE6697ED}.DebugVisual|x64.ActiveCfg = DebugVisual|x64
		{07E447D5-72B8-4EE0-B547-F97BFE6697ED}.DebugVisual|x64.Build.0 = DebugVisual|x64
		{07E447D5-72B8-4EE0-B547-F97BFE6697ED}.DebugVisual|x86.ActiveCfg = DebugVisual|x64
		{07E447D5-72B8-4EE0-B547-F97BFE6697ED}.Release|Any CPU.ActiveCfg = Release|x64
		{07E447D5-72B8-4EE0-B547-F97BFE6697ED}.Release|Mixed Platforms.ActiveCfg = Release|x64
		{07E447D5-72B8-4EE0-B547-F97BFE6697ED}.Release|Mixed Platforms.Build.0 = Release|x64
		{07E447D5-72B8-4EE0-B547-F97BFE6697ED}.Release|Win32.ActiveCfg = Release|Win32
		{07E447D5-72B8-4EE0-B547-F97BFE6697ED}.Release|Win32.Build.0 = Release|Win32
		{07E447D5-72B8-4EE0-B547-F97BFE6697ED}.Release|x64.ActiveCfg = Release|x64
		{07E447D5-72B8-4EE0-B547-F97BFE6697ED}.Release|x64.Build.0 = Release|x64
		{07E447D5-72B8-4EE0-B547-F97BFE6697ED}.Release|x86.ActiveCfg = Release|x64
		{07E447D5-72B8-4EE0-B547-F97BFE6697ED}.ReleaseVisual|Any CPU.ActiveCfg = ReleaseVisual|x64
		{07E447D5-72B8-4EE0-B547-F97BFE6697ED}.ReleaseVisual|Mixed Platforms.ActiveCfg = ReleaseVisual|x64
		{07E447D5-72B8-4EE0-B547-F97BFE6697ED}.ReleaseVisual|Mixed Platforms.Build.0 = ReleaseVisual|x64
		{07E447D5-72B8-4EE0-B547-F97BFE6697ED}.ReleaseVisual|Win32.ActiveCfg = ReleaseVisual|Win32
		{07E447D5-72B8-4EE0-B547-F97BFE6697ED}.ReleaseVisual|Win32.Build.0 = ReleaseVisual|Win32
		{07E447D5-72B8-4EE0-B547-F97BFE6697ED}.ReleaseVisual|x64.ActiveCfg = ReleaseVisual|x64
		{07E447D5-72B8-4EE0-B547-F97BFE6697ED}.ReleaseVisual|x64.Build.0 = ReleaseVisual|x64
		{07E447D5-72B8-4EE0-B547-F97BFE6697ED}.ReleaseVisual|x86.ActiveCfg = ReleaseVisual|x64
		{A7F7A55B-4673-4695-8CB9-BC7B3D39B2E5}.Debug|Any CPU.ActiveCfg = Debug|x64
		{A7F7A55B-4673-4695-8CB9-BC7B3D39B2E5}.Debug|Mixed Platforms.ActiveCfg = Debug|Win32
		{A7F7A55B-4673-4695-8CB9-BC7B3D39B2E5}.Debug|Mixed Platforms.Build.0 = Debug|Win32
		{A7F7A55B-4673-4695-8CB9-BC7B3D39B2E5}.Debug|Win32.ActiveCfg = Debug|Win32
		{A7F7A55B-4673-4695-8CB9-BC7B3D39B2E5}.Debug|Win32.Build.0 = Debug|Win32
		{A7F7A55B-4673-4695-8CB9-BC7B3D39B2E5}.Debug|x64.ActiveCfg = Debug|x64
		{A7F7A55B-4673-4695-8CB9-BC7B3D39B2E5}.Debug|x64.Build.0 = Debug|x64
		{A7F7A55B-4673-4695-8CB9-BC7B3D39B2E5}.Debug|x86.ActiveCfg = Debug|x64
		{A7F7A55B-4673-4695-8CB9-BC7B3D39B2E5}.DebugVisual|Any CPU.ActiveCfg = DebugVisual|x64
		{A7F7A55B-4673-4695-8CB9-BC7B3D39B2E5}.DebugVisual|Mixed Platforms.ActiveCfg = DebugVisual|Win32
		{A7F7A55B-4673-4695-8CB9-BC7B3D39B2E5}.DebugVisual|Mixed Platforms.Build.0 = DebugVisual|Win32
		{A7F7A55B-4673-4695-8CB9-BC7B3D39B2E5}.DebugVisual|Win32.ActiveCfg = DebugVisual|Win32
		{A7F7A55B-4673-4695-8CB9-BC7B3D39B2E5}.DebugVisual|Win32.Build.0 = DebugVisual|Win32
		{A7F7A55B-4673-4695-8CB9-BC7B3D39B2E5}.DebugVisual|x64.ActiveCfg = DebugVisual|x64
		{A7F7A55B-4673-4695-8CB9-BC7B3D39B2E5}.DebugVisual|x64.Build.0 = DebugVisual|x64
		{A7F7A55B-4673-4695-8CB9-BC7B3D39B2E5}.DebugVisual|x86.ActiveCfg = DebugVisual|x64
		{A7F7A55B-4673-4695-8CB9-BC7B3D39B2E5}.Release|Any CPU.ActiveCfg = Release|x64
		{A7F7A55B-4673-4695-8CB9-BC7B3D39B2E5}.Release|Mixed Platforms.ActiveCfg = Release|x64
		{A7F7A55B-4673-4695-8CB9-BC7B3D39B2E5}.Release|Mixed Platforms.Build.0 = Release|x64
		{A7F7A55B-4673-4695-8CB9-BC7B3D39B2E5}.Release|Win32.ActiveCfg = Release|Win32
		{A7F7A55B-4673-4695-8CB9-BC7B3D39B2E5}.Release|Win32.Build.0 = Release|Win32
		{A7F7A55B-4673-4695-8CB9-BC7B3D39B2E5}.Release|x64.ActiveCfg = Release|x64
		{A7F7A55B-4673-4695-8CB9-BC7B3D39B2E5}.Release|x64.Build.0 = Release|x64
		{A7F7A55B-4673-4695-8CB9-BC7B3D39B2E5}.Release|x86.ActiveCfg = Release|x64
		{A7F7A55B-4673-4695-8CB9-BC7B3D39B2E5}.ReleaseVisual|Any CPU.ActiveCfg = ReleaseVisual|x64
		{A7F7A55B-4673-4695-8CB9-BC7B3D39B2E5}.ReleaseVisual|Mixed Platforms.ActiveCfg = ReleaseVisual|x64
		{A7F7A55B-4673-4695-8CB9-BC7B3D39B2E5}.ReleaseVisual|Mixed Platforms.Build.0 = ReleaseVisual|x64
		{A7F7A55B-4673-4695-8CB9-BC7B3D39B2E5}.ReleaseVisual|Win32.ActiveCfg = ReleaseVisual|Win32
		{A7F7A55B-4673-4695-8CB9-BC7B3D39B2E5}.ReleaseVisual|Win32.Build.0 = ReleaseVisual|Win32
		{A7F7A55B-4673-4695-8CB9-BC7B3D39B2E5}.ReleaseVisual|x64.ActiveCfg = ReleaseVisual|x64
		{A7F7A55B-4673-4695-8CB9-BC7B3D39B2E5}.ReleaseVisual|x64.Build.0 = ReleaseVisual|x64
		{A7F7A55B-4673-4695-8CB9-BC7B3D39B2E5}.ReleaseVisual|x86.ActiveCfg = ReleaseVisual|x64
		{63BAA760-5B14-4E74-AE0F-BDCF2BC1A4B2}.Debug|Any CPU.ActiveCfg = Debug|x64
		{63BAA760-5B14-4E74-AE0F-BDCF2BC1A4B2}.Debug|Mixed Platforms.ActiveCfg = Debug|x64
		{63BAA760-5B14-4E74-AE0F-BDCF2BC1A4B2}.Debug|Mixed Platforms.Build.0 = Debug|x64
		{63BAA760-5B14-4E74-AE0F-BDCF2BC1A4B2}.Debug|Win32.ActiveCfg = Debug|Win32
		{63BAA760-5B14-4E74-AE0F-BDCF2BC1A4B2}.Debug|Win32.Build.0 = Debug|Win32
		{63BAA760-5B14-4E74-AE0F-BDCF2BC1A4B2}.Debug|x64.ActiveCfg = Debug|x64
		{63BAA760-5B14-4E74-AE0F-BDCF2BC1A4B2}.Debug|x64.Build.0 = Debug|x64
		{63BAA760-5B14-4E74-AE0F-BDCF2BC1A4B2}.Debug|x86.ActiveCfg = Debug|x64
		{63BAA760-5B14-4E74-AE0F-BDCF2BC1A4B2}.DebugVisual|Any CPU.ActiveCfg = DebugVisual|x64
		{63BAA760-5B14-4E74-AE0F-BDCF2BC1A4B2}.DebugVisual|Mixed Platforms.ActiveCfg = DebugVisual|Win32
		{63BAA760-5B14-4E74-AE0F-BDCF2BC1A4B2}.DebugVisual|Mixed Platforms.Build.0 = DebugVisual|Win32
		{63BAA760-5B14-4E74-AE0F-BDCF2BC1A4B2}.DebugVisual|Win32.ActiveCfg = DebugVisual|Win32
		{63BAA760-5B14-4E74-AE0F-BDCF2BC1A4B2}.DebugVisual|Win32.Build.0 = DebugVisual|Win32
		{63BAA760-5B14-4E74-AE0F-BDCF2BC1A4B2}.DebugVisual|x64.ActiveCfg = DebugVisual|x64
		{63BAA760-5B14-4E74-AE0F-BDCF2BC1A4B2}.DebugVisual|x64.Build.0 = DebugVisual|x64
		{63BAA760-5B14-4E74-AE0F-BDCF2BC1A4B2}.DebugVisual|x86.ActiveCfg = DebugVisual|x64
		{63BAA760-5B14-4E74-AE0F-BDCF2BC1A4B2}.Release|Any CPU.ActiveCfg = Release|x64
		{63BAA760-5B14-4E74-AE0F-BDCF2BC1A4B2}.Release|Mixed Platforms.ActiveCfg = Release|x64
		{63BAA760-5B14-4E74-AE0F-BDCF2BC1A4B2}.Release|Mixed Platforms.Build.0 = Release|x64
		{63BAA760-5B14-4E74-AE0F-BDCF2BC1A4B2}.Release|Win32.ActiveCfg = Release|Win32
		{63BAA760-5B14-4E74-AE0F-BDCF2BC1A4B2}.Release|Win32.Build.0 = Release|Win32
		{63BAA760-5B14-4E74-AE0F-BDCF2BC1A4B2}.Release|x64.ActiveCfg = Release|x64
		{63BAA760-5B14-4E74-AE0F-BDCF2BC1A4B2}.Release|x64.Build.0 = Release|x64
		{63BAA760-5B14-4E74-AE0F-BDCF2BC1A4B2}.Release|x86.ActiveCfg = Release|x64
		{63BAA760-5B14-4E74-AE0F-BDCF2BC1A4B2}.ReleaseVisual|Any CPU.ActiveCfg = ReleaseVisual|x64
		{63BAA760-5B14-4E74-AE0F-BDCF2BC1A4B2}.ReleaseVisual|Mixed Platforms.ActiveCfg = ReleaseVisual|x64
		{63BAA760-5B14-4E74-AE0F-BDCF2BC1A4B2}.ReleaseVisual|Mixed Platforms.Build.0 = ReleaseVisual|x64
		{63BAA760-5B14-4E74-AE0F-BDCF2BC1A4B2}.ReleaseVisual|Win32.ActiveCfg = ReleaseVisual|Win32
		{63BAA760-5B14-4E74-AE0F-BDCF2BC1A4B2}.ReleaseVisual|Win32.Build.0 = ReleaseVisual|Win32
		{63BAA760-5B14-4E74-AE0F-BDCF2BC1A4B2}.ReleaseVisual|x64.ActiveCfg = ReleaseVisual|x64
		{63BAA760-5B14-4E74-AE0F-BDCF2BC1A4B2}.ReleaseVisual|x64.Build.0 = ReleaseVisual|x64
		{63BAA760-5B14-4E74-AE0F-BDCF2BC1A4B2}.ReleaseVisual|x86.ActiveCfg = ReleaseVisual|x64
		{12291E3F-275B-40AC-B6E7-C0ED12BA80A5}.Debug|Any CPU.ActiveCfg = Debug|x86
		{12291E3F-275B-40AC-B6E7-C0ED12BA80A5}.Debug|Mixed Platforms.ActiveCfg = Debug|x86
		{12291E3F-275B-40AC-B6E7-C0ED12BA80A5}.Debug|Mixed Platforms.Build.0 = Debug|x86
		{12291E3F-275B-40AC-B6E7-C0ED12BA80A5}.Debug|Win32.ActiveCfg = Debug|x86
		{12291E3F-275B-40AC-B6E7-C0ED12BA80A5}.Debug|x64.ActiveCfg = Debug|x86
		{12291E3F-275B-40AC-B6E7-C0ED12BA80A5}.Debug|x86.ActiveCfg = Debug|x86
		{12291E3F-275B-40AC-B6E7-C0ED12BA80A5}.Debug|x86.Build.0 = Debug|x86
		{12291E3F-275B-40AC-B6E7-C0ED12BA80A5}.DebugVisual|Any CPU.ActiveCfg = Debug|x86
		{12291E3F-275B-40AC-B6E7-C0ED12BA80A5}.DebugVisual|Mixed Platforms.ActiveCfg = DebugVisual|x86
		{12291E3F-275B-40AC-B6E7-C0ED12BA80A5}.DebugVisual|Mixed Platforms.Build.0 = DebugVisual|x86
		{12291E3F-275B-40AC-B6E7-C0ED12BA80A5}.DebugVisual|Win32.ActiveCfg = Debug|x86
		{12291E3F-275B-40AC-B6E7-C0ED12BA80A5}.DebugVisual|x64.ActiveCfg = Debug|x86
		{12291E3F-275B-40AC-B6E7-C0ED12BA80A5}.DebugVisual|x86.ActiveCfg = Debug|x86
		{12291E3F-275B-40AC-B6E7-C0ED12BA80A5}.DebugVisual|x86.Build.0 = Debug|x86
		{12291E3F-275B-40AC-B6E7-C0ED12BA80A5}.Release|Any CPU.ActiveCfg = Release|x86
		{12291E3F-275B-40AC-B6E7-C0ED12BA80A5}.Release|Mixed Platforms.ActiveCfg = Release|x86
		{12291E3F-275B-40AC-B6E7-C0ED12BA80A5}.Release|Mixed Platforms.Build.0 = Release|x86
		{12291E3F-275B-40AC-B6E7-C0ED12BA80A5}.Release|Win32.ActiveCfg = Release|x86
		{12291E3F-275B-40AC-B6E7-C0ED12BA80A5}.Release|x64.ActiveCfg = Release|x86
		{12291E3F-275B-40AC-B6E7-C0ED12BA80A5}.Release|x86.ActiveCfg = Release|x86
		{12291E3F-275B-40AC-B6E7-C0ED12BA80A5}.Release|x86.Build.0 = Release|x86
		{12291E3F-275B-40AC-B6E7-C0ED12BA80A5}.ReleaseVisual|Any CPU.ActiveCfg = Release|x86
		{12291E3F-275B-40AC-B6E7-C0ED12BA80A5}.ReleaseVisual|Mixed Platforms.ActiveCfg = Release|x86
		{12291E3F-275B-40AC-B6E7-C0ED12BA80A5}.ReleaseVisual|Mixed Platforms.Build.0 = Release|x86
		{12291E3F-275B-40AC-B6E7-C0ED12BA80A5}.ReleaseVisual|Win32.ActiveCfg = ReleaseVisual|x86
		{12291E3F-275B-40AC-B6E7-C0ED12BA80A5}.ReleaseVisual|x64.ActiveCfg = Release|x86
		{12291E3F-275B-40AC-B6E7-C0ED12BA80A5}.ReleaseVisual|x86.ActiveCfg = Release|x86
		{12291E3F-275B-40AC-B6E7-C0ED12BA80A5}.ReleaseVisual|x86.Build.0 = Release|x86
		{28C247AC-AF6F-4AD3-B669-8F06CEE66CA8}.Debug|Any CPU.ActiveCfg = Debug|Win32
		{28C247AC-AF6F-4AD3-B669-8F06CEE66CA8}.Debug|Mixed Platforms.ActiveCfg = Debug|Win32
		{28C247AC-AF6F-4AD3-B669-8F06CEE66CA8}.Debug|Mixed Platforms.Build.0 = Debug|Win32
		{28C247AC-AF6F-4AD3-B669-8F06CEE66CA8}.Debug|Win32.ActiveCfg = Debug|Win32
		{28C247AC-AF6F-4AD3-B669-8F06CEE66CA8}.Debug|Win32.Build.0 = Debug|Win32
		{28C247AC-AF6F-4AD3-B669-8F06CEE66CA8}.Debug|x64.ActiveCfg = Debug|Win32
		{28C247AC-AF6F-4AD3-B669-8F06CEE66CA8}.Debug|x86.ActiveCfg = Debug|Win32
		{28C247AC-AF6F-4AD3-B669-8F06CEE66CA8}.DebugVisual|Any CPU.ActiveCfg = Debug|Win32
		{28C247AC-AF6F-4AD3-B669-8F06CEE66CA8}.DebugVisual|Mixed Platforms.ActiveCfg = DebugVisual|Win32
		{28C247AC-AF6F-4AD3-B669-8F06CEE66CA8}.DebugVisual|Mixed Platforms.Build.0 = DebugVisual|Win32
		{28C247AC-AF6F-4AD3-B669-8F06CEE66CA8}.DebugVisual|Win32.ActiveCfg = Debug|Win32
		{28C247AC-AF6F-4AD3-B669-8F06CEE66CA8}.DebugVisual|Win32.Build.0 = Debug|Win32
		{28C247AC-AF6F-4AD3-B669-8F06CEE66CA8}.DebugVisual|x64.ActiveCfg = Debug|Win32
		{28C247AC-AF6F-4AD3-B669-8F06CEE66CA8}.DebugVisual|x86.ActiveCfg = Debug|Win32
		{28C247AC-AF6F-4AD3-B669-8F06CEE66CA8}.Release|Any CPU.ActiveCfg = Release|Win32
		{28C247AC-AF6F-4AD3-B669-8F06CEE66CA8}.Release|Mixed Platforms.ActiveCfg = Release|Win32
		{28C247AC-AF6F-4AD3-B669-8F06CEE66CA8}.Release|Mixed Platforms.Build.0 = Release|Win32
		{28C247AC-AF6F-4AD3-B669-8F06CEE66CA8}.Release|Win32.ActiveCfg = Release|Win32
		{28C247AC-AF6F-4AD3-B669-8F06CEE66CA8}.Release|Win32.Build.0 = Release|Win32
		{28C247AC-AF6F-4AD3-B669-8F06CEE66CA8}.Release|x64.ActiveCfg = Release|Win32
		{28C247AC-AF6F-4AD3-B669-8F06CEE66CA8}.Release|x86.ActiveCfg = Release|Win32
		{28C247AC-AF6F-4AD3-B669-8F06CEE66CA8}.ReleaseVisual|Any CPU.ActiveCfg = Release|Win32
		{28C247AC-AF6F-4AD3-B669-8F06CEE66CA8}.ReleaseVisual|Mixed Platforms.ActiveCfg = Release|Win32
		{28C247AC-AF6F-4AD3-B669-8F06CEE66CA8}.ReleaseVisual|Mixed Platforms.Build.0 = Release|Win32
		{28C247AC-AF6F-4AD3-B669-8F06CEE66CA8}.ReleaseVisual|Win32.ActiveCfg = ReleaseVisual|Win32
		{28C247AC-AF6F-4AD3-B669-8F06CEE66CA8}.ReleaseVisual|Win32.Build.0 = ReleaseVisual|Win32
		{28C247AC-AF6F-4AD3-B669-8F06CEE66CA8}.ReleaseVisual|x64.ActiveCfg = Release|Win32
		{28C247AC-AF6F-4AD3-B669-8F06CEE66CA8}.ReleaseVisual|x86.ActiveCfg = Release|Win32
	EndGlobalSection
	GlobalSection(SolutionProperties) = preSolution
		HideSolutionNode = FALSE
	EndGlobalSection
EndGlobal
