
Microsoft Visual Studio Solution File, Format Version 11.00
# Visual Studio 2010
Project("{8BC9CEB8-8B4A-11D0-8D11-00A0C91BC942}") = "UnitTests", "Src\UnitTests\UnitTests-VC10.vcxproj", "{A6850FE0-C53B-418D-9462-2B821B33E1FF}"
	ProjectSection(ProjectDependencies) = postProject
		{7726434F-1330-45D9-AA09-7949C3CB3E58} = {7726434F-1330-45D9-AA09-7949C3CB3E58}
		{5842F85E-1326-4EDB-918B-9EDFF9F0621E} = {5842F85E-1326-4EDB-918B-9EDFF9F0621E}
	EndProjectSection
EndProject
Project("{8BC9CEB8-8B4A-11D0-8D11-00A0C91BC942}") = "NuiLib", "Src\NuiLib\NuiLib-VC10.vcxproj", "{7726434F-1330-45D9-AA09-7949C3CB3E58}"
EndProject
Project("{8BC9CEB8-8B4A-11D0-8D11-00A0C91BC942}") = "NuiLib-Kinect-MS", "Src\NuiLib-Kinect-MS\NuiLib-Kinect-MS-VC10.vcxproj", "{5842F85E-1326-4EDB-918B-9EDFF9F0621E}"
	ProjectSection(ProjectDependencies) = postProject
		{7726434F-1330-45D9-AA09-7949C3CB3E58} = {7726434F-1330-45D9-AA09-7949C3CB3E58}
	EndProjectSection
EndProject
Project("{8BC9CEB8-8B4A-11D0-8D11-00A0C91BC942}") = "NuiLib-DotNet", "Src\NuiLib-DotNet\NuiLib-DotNet.vcxproj", "{BA73FEEB-E175-4F32-A7B6-D80330C92B00}"
EndProject
Project("{8BC9CEB8-8B4A-11D0-8D11-00A0C91BC942}") = "NuiLib-CLRSafe", "Src\NuiLib-CLRSafe\NuiLib-CLRSafe.vcxproj", "{898DF088-A290-4E2A-86DA-0D49320BFE17}"
EndProject
Global
	GlobalSection(SolutionConfigurationPlatforms) = preSolution
		Debug|Win32 = Debug|Win32
		DebugVisual|Win32 = DebugVisual|Win32
		Release|Win32 = Release|Win32
		ReleaseVisual|Win32 = ReleaseVisual|Win32
	EndGlobalSection
	GlobalSection(ProjectConfigurationPlatforms) = postSolution
		{A6850FE0-C53B-418D-9462-2B821B33E1FF}.Debug|Win32.ActiveCfg = Debug|Win32
		{A6850FE0-C53B-418D-9462-2B821B33E1FF}.DebugVisual|Win32.ActiveCfg = DebugVisual|Win32
		{A6850FE0-C53B-418D-9462-2B821B33E1FF}.Release|Win32.ActiveCfg = Release|Win32
		{A6850FE0-C53B-418D-9462-2B821B33E1FF}.ReleaseVisual|Win32.ActiveCfg = ReleaseVisual|Win32
		{7726434F-1330-45D9-AA09-7949C3CB3E58}.Debug|Win32.ActiveCfg = Debug|Win32
		{7726434F-1330-45D9-AA09-7949C3CB3E58}.Debug|Win32.Build.0 = Debug|Win32
		{7726434F-1330-45D9-AA09-7949C3CB3E58}.DebugVisual|Win32.ActiveCfg = DebugVisual|Win32
		{7726434F-1330-45D9-AA09-7949C3CB3E58}.DebugVisual|Win32.Build.0 = DebugVisual|Win32
		{7726434F-1330-45D9-AA09-7949C3CB3E58}.Release|Win32.ActiveCfg = Release|Win32
		{7726434F-1330-45D9-AA09-7949C3CB3E58}.Release|Win32.Build.0 = Release|Win32
		{7726434F-1330-45D9-AA09-7949C3CB3E58}.ReleaseVisual|Win32.ActiveCfg = ReleaseVisual|Win32
		{7726434F-1330-45D9-AA09-7949C3CB3E58}.ReleaseVisual|Win32.Build.0 = ReleaseVisual|Win32
		{5842F85E-1326-4EDB-918B-9EDFF9F0621E}.Debug|Win32.ActiveCfg = Debug|Win32
		{5842F85E-1326-4EDB-918B-9EDFF9F0621E}.Debug|Win32.Build.0 = Debug|Win32
		{5842F85E-1326-4EDB-918B-9EDFF9F0621E}.DebugVisual|Win32.ActiveCfg = DebugVisual|Win32
		{5842F85E-1326-4EDB-918B-9EDFF9F0621E}.DebugVisual|Win32.Build.0 = DebugVisual|Win32
		{5842F85E-1326-4EDB-918B-9EDFF9F0621E}.Release|Win32.ActiveCfg = Release|Win32
		{5842F85E-1326-4EDB-918B-9EDFF9F0621E}.Release|Win32.Build.0 = Release|Win32
		{5842F85E-1326-4EDB-918B-9EDFF9F0621E}.ReleaseVisual|Win32.ActiveCfg = ReleaseVisual|Win32
		{5842F85E-1326-4EDB-918B-9EDFF9F0621E}.ReleaseVisual|Win32.Build.0 = ReleaseVisual|Win32
		{BA73FEEB-E175-4F32-A7B6-D80330C92B00}.Debug|Win32.ActiveCfg = Debug|Win32
		{BA73FEEB-E175-4F32-A7B6-D80330C92B00}.Debug|Win32.Build.0 = Debug|Win32
		{BA73FEEB-E175-4F32-A7B6-D80330C92B00}.DebugVisual|Win32.ActiveCfg = Debug|Win32
		{BA73FEEB-E175-4F32-A7B6-D80330C92B00}.DebugVisual|Win32.Build.0 = Debug|Win32
		{BA73FEEB-E175-4F32-A7B6-D80330C92B00}.Release|Win32.ActiveCfg = Release|Win32
		{BA73FEEB-E175-4F32-A7B6-D80330C92B00}.Release|Win32.Build.0 = Release|Win32
		{BA73FEEB-E175-4F32-A7B6-D80330C92B00}.ReleaseVisual|Win32.ActiveCfg = Release|Win32
		{BA73FEEB-E175-4F32-A7B6-D80330C92B00}.ReleaseVisual|Win32.Build.0 = Release|Win32
		{898DF088-A290-4E2A-86DA-0D49320BFE17}.Debug|Win32.ActiveCfg = Debug|Win32
		{898DF088-A290-4E2A-86DA-0D49320BFE17}.Debug|Win32.Build.0 = Debug|Win32
		{898DF088-A290-4E2A-86DA-0D49320BFE17}.DebugVisual|Win32.ActiveCfg = Debug|Win32
		{898DF088-A290-4E2A-86DA-0D49320BFE17}.DebugVisual|Win32.Build.0 = Debug|Win32
		{898DF088-A290-4E2A-86DA-0D49320BFE17}.Release|Win32.ActiveCfg = Release|Win32
		{898DF088-A290-4E2A-86DA-0D49320BFE17}.Release|Win32.Build.0 = Release|Win32
		{898DF088-A290-4E2A-86DA-0D49320BFE17}.ReleaseVisual|Win32.ActiveCfg = Release|Win32
		{898DF088-A290-4E2A-86DA-0D49320BFE17}.ReleaseVisual|Win32.Build.0 = Release|Win32
	EndGlobalSection
	GlobalSection(SolutionProperties) = preSolution
		HideSolutionNode = FALSE
	EndGlobalSection
EndGlobal
