
Microsoft Visual Studio Solution File, Format Version 11.00
# Visual Studio 2010
Project("{8BC9CEB8-8B4A-11D0-8D11-00A0C91BC942}") = "Demo-Movement", "Src\Demo-Movement\MovementDemo.vcxproj", "{63BAA760-5B14-4E74-AE0F-BDCF2BC1A4B2}"
EndProject
Project("{8BC9CEB8-8B4A-11D0-8D11-00A0C91BC942}") = "Demo-SlideShow", "Src\Demo-SlideShow\SlideShowDemo.vcxproj", "{A7F7A55B-4673-4695-8CB9-BC7B3D39B2E5}"
EndProject
Project("{8BC9CEB8-8B4A-11D0-8D11-00A0C91BC942}") = "Demo-Basic", "Src\Demo-Basic\Demo-Basic.vcxproj", "{3522ED20-A2C8-484E-9339-8F4D5E831700}"
EndProject
Project("{8BC9CEB8-8B4A-11D0-8D11-00A0C91BC942}") = "Demo-Advanced", "Src\Demo-Advanced\Demo-Advanced.vcxproj", "{5D833834-E79D-48F7-8F29-66BB9E6F5151}"
EndProject
Project("{FAE04EC0-301F-11D3-BF4B-00C04F79EFBC}") = "Demo-CSharp", "Src\Demo-CSharp\Demo-CSharp.csproj", "{5AB38043-BAB6-40A4-BFE0-808D40A5A2E5}"
EndProject
Global
	GlobalSection(SolutionConfigurationPlatforms) = preSolution
		Debug|Mixed Platforms = Debug|Mixed Platforms
		Debug|Win32 = Debug|Win32
		Debug|x64 = Debug|x64
		Debug|x86 = Debug|x86
		DebugVisual|Mixed Platforms = DebugVisual|Mixed Platforms
		DebugVisual|Win32 = DebugVisual|Win32
		DebugVisual|x64 = DebugVisual|x64
		DebugVisual|x86 = DebugVisual|x86
		Release|Mixed Platforms = Release|Mixed Platforms
		Release|Win32 = Release|Win32
		Release|x64 = Release|x64
		Release|x86 = Release|x86
		ReleaseVisual|Mixed Platforms = ReleaseVisual|Mixed Platforms
		ReleaseVisual|Win32 = ReleaseVisual|Win32
		ReleaseVisual|x64 = ReleaseVisual|x64
		ReleaseVisual|x86 = ReleaseVisual|x86
	EndGlobalSection
	GlobalSection(ProjectConfigurationPlatforms) = postSolution
		{63BAA760-5B14-4E74-AE0F-BDCF2BC1A4B2}.Debug|Mixed Platforms.ActiveCfg = Debug|x64
		{63BAA760-5B14-4E74-AE0F-BDCF2BC1A4B2}.Debug|Mixed Platforms.Build.0 = Debug|x64
		{63BAA760-5B14-4E74-AE0F-BDCF2BC1A4B2}.Debug|Win32.ActiveCfg = Debug|Win32
		{63BAA760-5B14-4E74-AE0F-BDCF2BC1A4B2}.Debug|Win32.Build.0 = Debug|Win32
		{63BAA760-5B14-4E74-AE0F-BDCF2BC1A4B2}.Debug|x64.ActiveCfg = Debug|x64
		{63BAA760-5B14-4E74-AE0F-BDCF2BC1A4B2}.Debug|x64.Build.0 = Debug|x64
		{63BAA760-5B14-4E74-AE0F-BDCF2BC1A4B2}.Debug|x86.ActiveCfg = Debug|x64
		{63BAA760-5B14-4E74-AE0F-BDCF2BC1A4B2}.DebugVisual|Mixed Platforms.ActiveCfg = DebugVisual|x64
		{63BAA760-5B14-4E74-AE0F-BDCF2BC1A4B2}.DebugVisual|Mixed Platforms.Build.0 = DebugVisual|x64
		{63BAA760-5B14-4E74-AE0F-BDCF2BC1A4B2}.DebugVisual|Win32.ActiveCfg = DebugVisual|Win32
		{63BAA760-5B14-4E74-AE0F-BDCF2BC1A4B2}.DebugVisual|Win32.Build.0 = DebugVisual|Win32
		{63BAA760-5B14-4E74-AE0F-BDCF2BC1A4B2}.DebugVisual|x64.ActiveCfg = DebugVisual|x64
		{63BAA760-5B14-4E74-AE0F-BDCF2BC1A4B2}.DebugVisual|x64.Build.0 = DebugVisual|x64
		{63BAA760-5B14-4E74-AE0F-BDCF2BC1A4B2}.DebugVisual|x86.ActiveCfg = DebugVisual|x64
		{63BAA760-5B14-4E74-AE0F-BDCF2BC1A4B2}.Release|Mixed Platforms.ActiveCfg = Release|x64
		{63BAA760-5B14-4E74-AE0F-BDCF2BC1A4B2}.Release|Mixed Platforms.Build.0 = Release|x64
		{63BAA760-5B14-4E74-AE0F-BDCF2BC1A4B2}.Release|Win32.ActiveCfg = Release|Win32
		{63BAA760-5B14-4E74-AE0F-BDCF2BC1A4B2}.Release|Win32.Build.0 = Release|Win32
		{63BAA760-5B14-4E74-AE0F-BDCF2BC1A4B2}.Release|x64.ActiveCfg = Release|x64
		{63BAA760-5B14-4E74-AE0F-BDCF2BC1A4B2}.Release|x64.Build.0 = Release|x64
		{63BAA760-5B14-4E74-AE0F-BDCF2BC1A4B2}.Release|x86.ActiveCfg = Release|x64
		{63BAA760-5B14-4E74-AE0F-BDCF2BC1A4B2}.ReleaseVisual|Mixed Platforms.ActiveCfg = ReleaseVisual|x64
		{63BAA760-5B14-4E74-AE0F-BDCF2BC1A4B2}.ReleaseVisual|Mixed Platforms.Build.0 = ReleaseVisual|x64
		{63BAA760-5B14-4E74-AE0F-BDCF2BC1A4B2}.ReleaseVisual|Win32.ActiveCfg = ReleaseVisual|Win32
		{63BAA760-5B14-4E74-AE0F-BDCF2BC1A4B2}.ReleaseVisual|Win32.Build.0 = ReleaseVisual|Win32
		{63BAA760-5B14-4E74-AE0F-BDCF2BC1A4B2}.ReleaseVisual|x64.ActiveCfg = ReleaseVisual|x64
		{63BAA760-5B14-4E74-AE0F-BDCF2BC1A4B2}.ReleaseVisual|x64.Build.0 = ReleaseVisual|x64
		{63BAA760-5B14-4E74-AE0F-BDCF2BC1A4B2}.ReleaseVisual|x86.ActiveCfg = ReleaseVisual|x64
		{A7F7A55B-4673-4695-8CB9-BC7B3D39B2E5}.Debug|Mixed Platforms.ActiveCfg = Debug|x64
		{A7F7A55B-4673-4695-8CB9-BC7B3D39B2E5}.Debug|Mixed Platforms.Build.0 = Debug|x64
		{A7F7A55B-4673-4695-8CB9-BC7B3D39B2E5}.Debug|Win32.ActiveCfg = Debug|Win32
		{A7F7A55B-4673-4695-8CB9-BC7B3D39B2E5}.Debug|Win32.Build.0 = Debug|Win32
		{A7F7A55B-4673-4695-8CB9-BC7B3D39B2E5}.Debug|x64.ActiveCfg = Debug|x64
		{A7F7A55B-4673-4695-8CB9-BC7B3D39B2E5}.Debug|x64.Build.0 = Debug|x64
		{A7F7A55B-4673-4695-8CB9-BC7B3D39B2E5}.Debug|x86.ActiveCfg = Debug|x64
		{A7F7A55B-4673-4695-8CB9-BC7B3D39B2E5}.DebugVisual|Mixed Platforms.ActiveCfg = DebugVisual|x64
		{A7F7A55B-4673-4695-8CB9-BC7B3D39B2E5}.DebugVisual|Mixed Platforms.Build.0 = DebugVisual|x64
		{A7F7A55B-4673-4695-8CB9-BC7B3D39B2E5}.DebugVisual|Win32.ActiveCfg = DebugVisual|Win32
		{A7F7A55B-4673-4695-8CB9-BC7B3D39B2E5}.DebugVisual|Win32.Build.0 = DebugVisual|Win32
		{A7F7A55B-4673-4695-8CB9-BC7B3D39B2E5}.DebugVisual|x64.ActiveCfg = DebugVisual|x64
		{A7F7A55B-4673-4695-8CB9-BC7B3D39B2E5}.DebugVisual|x64.Build.0 = DebugVisual|x64
		{A7F7A55B-4673-4695-8CB9-BC7B3D39B2E5}.DebugVisual|x86.ActiveCfg = DebugVisual|x64
		{A7F7A55B-4673-4695-8CB9-BC7B3D39B2E5}.Release|Mixed Platforms.ActiveCfg = Release|x64
		{A7F7A55B-4673-4695-8CB9-BC7B3D39B2E5}.Release|Mixed Platforms.Build.0 = Release|x64
		{A7F7A55B-4673-4695-8CB9-BC7B3D39B2E5}.Release|Win32.ActiveCfg = Release|Win32
		{A7F7A55B-4673-4695-8CB9-BC7B3D39B2E5}.Release|Win32.Build.0 = Release|Win32
		{A7F7A55B-4673-4695-8CB9-BC7B3D39B2E5}.Release|x64.ActiveCfg = Release|x64
		{A7F7A55B-4673-4695-8CB9-BC7B3D39B2E5}.Release|x64.Build.0 = Release|x64
		{A7F7A55B-4673-4695-8CB9-BC7B3D39B2E5}.Release|x86.ActiveCfg = Release|x64
		{A7F7A55B-4673-4695-8CB9-BC7B3D39B2E5}.ReleaseVisual|Mixed Platforms.ActiveCfg = ReleaseVisual|x64
		{A7F7A55B-4673-4695-8CB9-BC7B3D39B2E5}.ReleaseVisual|Mixed Platforms.Build.0 = ReleaseVisual|x64
		{A7F7A55B-4673-4695-8CB9-BC7B3D39B2E5}.ReleaseVisual|Win32.ActiveCfg = ReleaseVisual|Win32
		{A7F7A55B-4673-4695-8CB9-BC7B3D39B2E5}.ReleaseVisual|Win32.Build.0 = ReleaseVisual|Win32
		{A7F7A55B-4673-4695-8CB9-BC7B3D39B2E5}.ReleaseVisual|x64.ActiveCfg = ReleaseVisual|x64
		{A7F7A55B-4673-4695-8CB9-BC7B3D39B2E5}.ReleaseVisual|x64.Build.0 = ReleaseVisual|x64
		{A7F7A55B-4673-4695-8CB9-BC7B3D39B2E5}.ReleaseVisual|x86.ActiveCfg = ReleaseVisual|x64
		{3522ED20-A2C8-484E-9339-8F4D5E831700}.Debug|Mixed Platforms.ActiveCfg = Debug|x64
		{3522ED20-A2C8-484E-9339-8F4D5E831700}.Debug|Mixed Platforms.Build.0 = Debug|x64
		{3522ED20-A2C8-484E-9339-8F4D5E831700}.Debug|Win32.ActiveCfg = Debug|Win32
		{3522ED20-A2C8-484E-9339-8F4D5E831700}.Debug|Win32.Build.0 = Debug|Win32
		{3522ED20-A2C8-484E-9339-8F4D5E831700}.Debug|x64.ActiveCfg = Debug|x64
		{3522ED20-A2C8-484E-9339-8F4D5E831700}.Debug|x64.Build.0 = Debug|x64
		{3522ED20-A2C8-484E-9339-8F4D5E831700}.Debug|x86.ActiveCfg = Debug|x64
		{3522ED20-A2C8-484E-9339-8F4D5E831700}.DebugVisual|Mixed Platforms.ActiveCfg = DebugVisual|x64
		{3522ED20-A2C8-484E-9339-8F4D5E831700}.DebugVisual|Mixed Platforms.Build.0 = DebugVisual|x64
		{3522ED20-A2C8-484E-9339-8F4D5E831700}.DebugVisual|Win32.ActiveCfg = DebugVisual|Win32
		{3522ED20-A2C8-484E-9339-8F4D5E831700}.DebugVisual|Win32.Build.0 = DebugVisual|Win32
		{3522ED20-A2C8-484E-9339-8F4D5E831700}.DebugVisual|x64.ActiveCfg = DebugVisual|x64
		{3522ED20-A2C8-484E-9339-8F4D5E831700}.DebugVisual|x64.Build.0 = DebugVisual|x64
		{3522ED20-A2C8-484E-9339-8F4D5E831700}.DebugVisual|x86.ActiveCfg = DebugVisual|x64
		{3522ED20-A2C8-484E-9339-8F4D5E831700}.Release|Mixed Platforms.ActiveCfg = Release|x64
		{3522ED20-A2C8-484E-9339-8F4D5E831700}.Release|Mixed Platforms.Build.0 = Release|x64
		{3522ED20-A2C8-484E-9339-8F4D5E831700}.Release|Win32.ActiveCfg = Release|Win32
		{3522ED20-A2C8-484E-9339-8F4D5E831700}.Release|Win32.Build.0 = Release|Win32
		{3522ED20-A2C8-484E-9339-8F4D5E831700}.Release|x64.ActiveCfg = Release|x64
		{3522ED20-A2C8-484E-9339-8F4D5E831700}.Release|x64.Build.0 = Release|x64
		{3522ED20-A2C8-484E-9339-8F4D5E831700}.Release|x86.ActiveCfg = Release|x64
		{3522ED20-A2C8-484E-9339-8F4D5E831700}.ReleaseVisual|Mixed Platforms.ActiveCfg = ReleaseVisual|x64
		{3522ED20-A2C8-484E-9339-8F4D5E831700}.ReleaseVisual|Mixed Platforms.Build.0 = ReleaseVisual|x64
		{3522ED20-A2C8-484E-9339-8F4D5E831700}.ReleaseVisual|Win32.ActiveCfg = ReleaseVisual|Win32
		{3522ED20-A2C8-484E-9339-8F4D5E831700}.ReleaseVisual|Win32.Build.0 = ReleaseVisual|Win32
		{3522ED20-A2C8-484E-9339-8F4D5E831700}.ReleaseVisual|x64.ActiveCfg = ReleaseVisual|x64
		{3522ED20-A2C8-484E-9339-8F4D5E831700}.ReleaseVisual|x64.Build.0 = ReleaseVisual|x64
		{3522ED20-A2C8-484E-9339-8F4D5E831700}.ReleaseVisual|x86.ActiveCfg = ReleaseVisual|x64
		{5D833834-E79D-48F7-8F29-66BB9E6F5151}.Debug|Mixed Platforms.ActiveCfg = Debug|x64
		{5D833834-E79D-48F7-8F29-66BB9E6F5151}.Debug|Mixed Platforms.Build.0 = Debug|x64
		{5D833834-E79D-48F7-8F29-66BB9E6F5151}.Debug|Win32.ActiveCfg = Debug|Win32
		{5D833834-E79D-48F7-8F29-66BB9E6F5151}.Debug|Win32.Build.0 = Debug|Win32
		{5D833834-E79D-48F7-8F29-66BB9E6F5151}.Debug|x64.ActiveCfg = Debug|x64
		{5D833834-E79D-48F7-8F29-66BB9E6F5151}.Debug|x64.Build.0 = Debug|x64
		{5D833834-E79D-48F7-8F29-66BB9E6F5151}.Debug|x86.ActiveCfg = Debug|x64
		{5D833834-E79D-48F7-8F29-66BB9E6F5151}.DebugVisual|Mixed Platforms.ActiveCfg = DebugVisual|x64
		{5D833834-E79D-48F7-8F29-66BB9E6F5151}.DebugVisual|Mixed Platforms.Build.0 = DebugVisual|x64
		{5D833834-E79D-48F7-8F29-66BB9E6F5151}.DebugVisual|Win32.ActiveCfg = DebugVisual|Win32
		{5D833834-E79D-48F7-8F29-66BB9E6F5151}.DebugVisual|Win32.Build.0 = DebugVisual|Win32
		{5D833834-E79D-48F7-8F29-66BB9E6F5151}.DebugVisual|x64.ActiveCfg = DebugVisual|x64
		{5D833834-E79D-48F7-8F29-66BB9E6F5151}.DebugVisual|x64.Build.0 = DebugVisual|x64
		{5D833834-E79D-48F7-8F29-66BB9E6F5151}.DebugVisual|x86.ActiveCfg = DebugVisual|x64
		{5D833834-E79D-48F7-8F29-66BB9E6F5151}.Release|Mixed Platforms.ActiveCfg = Release|x64
		{5D833834-E79D-48F7-8F29-66BB9E6F5151}.Release|Mixed Platforms.Build.0 = Release|x64
		{5D833834-E79D-48F7-8F29-66BB9E6F5151}.Release|Win32.ActiveCfg = Release|Win32
		{5D833834-E79D-48F7-8F29-66BB9E6F5151}.Release|Win32.Build.0 = Release|Win32
		{5D833834-E79D-48F7-8F29-66BB9E6F5151}.Release|x64.ActiveCfg = Release|x64
		{5D833834-E79D-48F7-8F29-66BB9E6F5151}.Release|x64.Build.0 = Release|x64
		{5D833834-E79D-48F7-8F29-66BB9E6F5151}.Release|x86.ActiveCfg = Release|x64
		{5D833834-E79D-48F7-8F29-66BB9E6F5151}.ReleaseVisual|Mixed Platforms.ActiveCfg = ReleaseVisual|x64
		{5D833834-E79D-48F7-8F29-66BB9E6F5151}.ReleaseVisual|Mixed Platforms.Build.0 = ReleaseVisual|x64
		{5D833834-E79D-48F7-8F29-66BB9E6F5151}.ReleaseVisual|Win32.ActiveCfg = ReleaseVisual|Win32
		{5D833834-E79D-48F7-8F29-66BB9E6F5151}.ReleaseVisual|Win32.Build.0 = ReleaseVisual|Win32
		{5D833834-E79D-48F7-8F29-66BB9E6F5151}.ReleaseVisual|x64.ActiveCfg = ReleaseVisual|x64
		{5D833834-E79D-48F7-8F29-66BB9E6F5151}.ReleaseVisual|x64.Build.0 = ReleaseVisual|x64
		{5D833834-E79D-48F7-8F29-66BB9E6F5151}.ReleaseVisual|x86.ActiveCfg = ReleaseVisual|x64
		{5AB38043-BAB6-40A4-BFE0-808D40A5A2E5}.Debug|Mixed Platforms.ActiveCfg = DebugVisual|x86
		{5AB38043-BAB6-40A4-BFE0-808D40A5A2E5}.Debug|Mixed Platforms.Build.0 = DebugVisual|x86
		{5AB38043-BAB6-40A4-BFE0-808D40A5A2E5}.Debug|Win32.ActiveCfg = Debug|x86
		{5AB38043-BAB6-40A4-BFE0-808D40A5A2E5}.Debug|x64.ActiveCfg = Debug|x86
		{5AB38043-BAB6-40A4-BFE0-808D40A5A2E5}.Debug|x86.ActiveCfg = Debug|x86
		{5AB38043-BAB6-40A4-BFE0-808D40A5A2E5}.Debug|x86.Build.0 = Debug|x86
		{5AB38043-BAB6-40A4-BFE0-808D40A5A2E5}.DebugVisual|Mixed Platforms.ActiveCfg = Debug|x86
		{5AB38043-BAB6-40A4-BFE0-808D40A5A2E5}.DebugVisual|Mixed Platforms.Build.0 = Debug|x86
		{5AB38043-BAB6-40A4-BFE0-808D40A5A2E5}.DebugVisual|Win32.ActiveCfg = Debug|x86
		{5AB38043-BAB6-40A4-BFE0-808D40A5A2E5}.DebugVisual|x64.ActiveCfg = Debug|x86
		{5AB38043-BAB6-40A4-BFE0-808D40A5A2E5}.DebugVisual|x86.ActiveCfg = Debug|x86
		{5AB38043-BAB6-40A4-BFE0-808D40A5A2E5}.DebugVisual|x86.Build.0 = Debug|x86
		{5AB38043-BAB6-40A4-BFE0-808D40A5A2E5}.Release|Mixed Platforms.ActiveCfg = Release|x86
		{5AB38043-BAB6-40A4-BFE0-808D40A5A2E5}.Release|Mixed Platforms.Build.0 = Release|x86
		{5AB38043-BAB6-40A4-BFE0-808D40A5A2E5}.Release|Win32.ActiveCfg = Release|x86
		{5AB38043-BAB6-40A4-BFE0-808D40A5A2E5}.Release|x64.ActiveCfg = Release|x86
		{5AB38043-BAB6-40A4-BFE0-808D40A5A2E5}.Release|x86.ActiveCfg = Release|x86
		{5AB38043-BAB6-40A4-BFE0-808D40A5A2E5}.Release|x86.Build.0 = Release|x86
		{5AB38043-BAB6-40A4-BFE0-808D40A5A2E5}.ReleaseVisual|Mixed Platforms.ActiveCfg = Release|x86
		{5AB38043-BAB6-40A4-BFE0-808D40A5A2E5}.ReleaseVisual|Mixed Platforms.Build.0 = Release|x86
		{5AB38043-BAB6-40A4-BFE0-808D40A5A2E5}.ReleaseVisual|Win32.ActiveCfg = Release|x86
		{5AB38043-BAB6-40A4-BFE0-808D40A5A2E5}.ReleaseVisual|x64.ActiveCfg = Release|x86
		{5AB38043-BAB6-40A4-BFE0-808D40A5A2E5}.ReleaseVisual|x86.ActiveCfg = Release|x86
		{5AB38043-BAB6-40A4-BFE0-808D40A5A2E5}.ReleaseVisual|x86.Build.0 = Release|x86
	EndGlobalSection
	GlobalSection(SolutionProperties) = preSolution
		HideSolutionNode = FALSE
	EndGlobalSection
EndGlobal
